// !$*UTF8*$!
{
	archiveVersion = 1;
	classes = {
	};
	objectVersion = 51;
	objects = {

/* Begin PBXBuildFile section */
		5735B92DC2A5B3BE4DDFE9AC /* libPods-GuideMeToHERE.a in Frameworks */ = {isa = PBXBuildFile; fileRef = BEC53E87DDB2C290C3DF1501 /* libPods-GuideMeToHERE.a */; };
		C88D9E0921A57B4D00667479 /* AppDelegate.swift in Sources */ = {isa = PBXBuildFile; fileRef = C88D9E0821A57B4D00667479 /* AppDelegate.swift */; };
		C88D9E0B21A57B4D00667479 /* ViewController.swift in Sources */ = {isa = PBXBuildFile; fileRef = C88D9E0A21A57B4D00667479 /* ViewController.swift */; };
		C88D9E0E21A57B4D00667479 /* Main.storyboard in Resources */ = {isa = PBXBuildFile; fileRef = C88D9E0C21A57B4D00667479 /* Main.storyboard */; };
		C88D9E1021A57B5100667479 /* Assets.xcassets in Resources */ = {isa = PBXBuildFile; fileRef = C88D9E0F21A57B5100667479 /* Assets.xcassets */; };
		C88D9E1321A57B5100667479 /* LaunchScreen.storyboard in Resources */ = {isa = PBXBuildFile; fileRef = C88D9E1121A57B5100667479 /* LaunchScreen.storyboard */; };
/* End PBXBuildFile section */

/* Begin PBXCopyFilesBuildPhase section */
		C88D9E1D21A57D8A00667479 /* Embed Frameworks */ = {
			isa = PBXCopyFilesBuildPhase;
			buildActionMask = 2147483647;
			dstPath = "";
			dstSubfolderSpec = 10;
			files = (
			);
			name = "Embed Frameworks";
			runOnlyForDeploymentPostprocessing = 0;
		};
/* End PBXCopyFilesBuildPhase section */

/* Begin PBXFileReference section */
		2CB98FDB524369BDB5B747C6 /* Pods-GuideMeToHERE.release.xcconfig */ = {isa = PBXFileReference; includeInIndex = 1; lastKnownFileType = text.xcconfig; name = "Pods-GuideMeToHERE.release.xcconfig"; path = "Target Support Files/Pods-GuideMeToHERE/Pods-GuideMeToHERE.release.xcconfig"; sourceTree = "<group>"; };
		BEC53E87DDB2C290C3DF1501 /* libPods-GuideMeToHERE.a */ = {isa = PBXFileReference; explicitFileType = archive.ar; includeInIndex = 0; path = "libPods-GuideMeToHERE.a"; sourceTree = BUILT_PRODUCTS_DIR; };
		C4CA4FB39BD67F3FC272B311 /* Pods-GuideMeToHERE.debug.xcconfig */ = {isa = PBXFileReference; includeInIndex = 1; lastKnownFileType = text.xcconfig; name = "Pods-GuideMeToHERE.debug.xcconfig"; path = "Target Support Files/Pods-GuideMeToHERE/Pods-GuideMeToHERE.debug.xcconfig"; sourceTree = "<group>"; };
		C88D9E0521A57B4D00667479 /* GuideMeToHERE.app */ = {isa = PBXFileReference; explicitFileType = wrapper.application; includeInIndex = 0; path = GuideMeToHERE.app; sourceTree = BUILT_PRODUCTS_DIR; };
		C88D9E0821A57B4D00667479 /* AppDelegate.swift */ = {isa = PBXFileReference; lastKnownFileType = sourcecode.swift; path = AppDelegate.swift; sourceTree = "<group>"; };
		C88D9E0A21A57B4D00667479 /* ViewController.swift */ = {isa = PBXFileReference; lastKnownFileType = sourcecode.swift; path = ViewController.swift; sourceTree = "<group>"; };
		C88D9E0D21A57B4D00667479 /* Base */ = {isa = PBXFileReference; lastKnownFileType = file.storyboard; name = Base; path = Base.lproj/Main.storyboard; sourceTree = "<group>"; };
		C88D9E0F21A57B5100667479 /* Assets.xcassets */ = {isa = PBXFileReference; lastKnownFileType = folder.assetcatalog; path = Assets.xcassets; sourceTree = "<group>"; };
		C88D9E1221A57B5100667479 /* Base */ = {isa = PBXFileReference; lastKnownFileType = file.storyboard; name = Base; path = Base.lproj/LaunchScreen.storyboard; sourceTree = "<group>"; };
		C88D9E1421A57B5100667479 /* Info.plist */ = {isa = PBXFileReference; lastKnownFileType = text.plist.xml; path = Info.plist; sourceTree = "<group>"; };
/* End PBXFileReference section */

/* Begin PBXFrameworksBuildPhase section */
		C88D9E0221A57B4D00667479 /* Frameworks */ = {
			isa = PBXFrameworksBuildPhase;
			buildActionMask = 2147483647;
			files = (
				5735B92DC2A5B3BE4DDFE9AC /* libPods-GuideMeToHERE.a in Frameworks */,
			);
			runOnlyForDeploymentPostprocessing = 0;
		};
/* End PBXFrameworksBuildPhase section */

/* Begin PBXGroup section */
		3E1243145E6B07916B666391 /* Pods */ = {
			isa = PBXGroup;
			children = (
				C4CA4FB39BD67F3FC272B311 /* Pods-GuideMeToHERE.debug.xcconfig */,
				2CB98FDB524369BDB5B747C6 /* Pods-GuideMeToHERE.release.xcconfig */,
			);
			path = Pods;
			sourceTree = "<group>";
		};
		C88D9DFC21A57B4D00667479 = {
			isa = PBXGroup;
			children = (
				C88D9E0721A57B4D00667479 /* GuideMeToHERE */,
				C88D9E0621A57B4D00667479 /* Products */,
				3E1243145E6B07916B666391 /* Pods */,
				DD23B877B5FDF86ADBE35B14 /* Frameworks */,
			);
			sourceTree = "<group>";
		};
		C88D9E0621A57B4D00667479 /* Products */ = {
			isa = PBXGroup;
			children = (
				C88D9E0521A57B4D00667479 /* GuideMeToHERE.app */,
			);
			name = Products;
			sourceTree = "<group>";
		};
		C88D9E0721A57B4D00667479 /* GuideMeToHERE */ = {
			isa = PBXGroup;
			children = (
				C88D9E0821A57B4D00667479 /* AppDelegate.swift */,
				C88D9E0A21A57B4D00667479 /* ViewController.swift */,
				C88D9E0C21A57B4D00667479 /* Main.storyboard */,
				C88D9E0F21A57B5100667479 /* Assets.xcassets */,
				C88D9E1121A57B5100667479 /* LaunchScreen.storyboard */,
				C88D9E1421A57B5100667479 /* Info.plist */,
			);
			path = GuideMeToHERE;
			sourceTree = "<group>";
		};
		DD23B877B5FDF86ADBE35B14 /* Frameworks */ = {
			isa = PBXGroup;
			children = (
				BEC53E87DDB2C290C3DF1501 /* libPods-GuideMeToHERE.a */,
			);
			name = Frameworks;
			sourceTree = "<group>";
		};
/* End PBXGroup section */

/* Begin PBXNativeTarget section */
		C88D9E0421A57B4D00667479 /* GuideMeToHERE */ = {
			isa = PBXNativeTarget;
			buildConfigurationList = C88D9E1721A57B5100667479 /* Build configuration list for PBXNativeTarget "GuideMeToHERE" */;
			buildPhases = (
				C2FD53AA67A4C7837D7EA0C3 /* [CP] Check Pods Manifest.lock */,
				C88D9E0121A57B4D00667479 /* Sources */,
				C88D9E0221A57B4D00667479 /* Frameworks */,
				C88D9E0321A57B4D00667479 /* Resources */,
				C88D9E1D21A57D8A00667479 /* Embed Frameworks */,
				942C134D3AA4C27F6900603A /* [CP] Embed Pods Frameworks */,
				F5DBB3740EE5D821F06FDF1D /* [CP] Copy Pods Resources */,
			);
			buildRules = (
			);
			dependencies = (
			);
			name = GuideMeToHERE;
			productName = GuideMeToHERE;
			productReference = C88D9E0521A57B4D00667479 /* GuideMeToHERE.app */;
			productType = "com.apple.product-type.application";
		};
/* End PBXNativeTarget section */

/* Begin PBXProject section */
		C88D9DFD21A57B4D00667479 /* Project object */ = {
			isa = PBXProject;
			attributes = {
				LastSwiftUpdateCheck = 1010;
				LastUpgradeCheck = 1010;
				ORGANIZATIONNAME = HERE;
				TargetAttributes = {
					C88D9E0421A57B4D00667479 = {
						CreatedOnToolsVersion = 10.1;
					};
				};
			};
			buildConfigurationList = C88D9E0021A57B4D00667479 /* Build configuration list for PBXProject "GuideMeToHERE" */;
			compatibilityVersion = "Xcode 9.3";
			developmentRegion = en;
			hasScannedForEncodings = 0;
			knownRegions = (
				en,
				Base,
			);
			mainGroup = C88D9DFC21A57B4D00667479;
			productRefGroup = C88D9E0621A57B4D00667479 /* Products */;
			projectDirPath = "";
			projectRoot = "";
			targets = (
				C88D9E0421A57B4D00667479 /* GuideMeToHERE */,
			);
		};
/* End PBXProject section */

/* Begin PBXResourcesBuildPhase section */
		C88D9E0321A57B4D00667479 /* Resources */ = {
			isa = PBXResourcesBuildPhase;
			buildActionMask = 2147483647;
			files = (
				C88D9E1321A57B5100667479 /* LaunchScreen.storyboard in Resources */,
				C88D9E1021A57B5100667479 /* Assets.xcassets in Resources */,
				C88D9E0E21A57B4D00667479 /* Main.storyboard in Resources */,
			);
			runOnlyForDeploymentPostprocessing = 0;
		};
/* End PBXResourcesBuildPhase section */

/* Begin PBXShellScriptBuildPhase section */
		942C134D3AA4C27F6900603A /* [CP] Embed Pods Frameworks */ = {
			isa = PBXShellScriptBuildPhase;
			buildActionMask = 2147483647;
			files = (
			);
			inputFileListPaths = (
				"${PODS_ROOT}/Target Support Files/Pods-GuideMeToHERE/Pods-GuideMeToHERE-frameworks-${CONFIGURATION}-input-files.xcfilelist",
			);
			name = "[CP] Embed Pods Frameworks";
			outputFileListPaths = (
				"${PODS_ROOT}/Target Support Files/Pods-GuideMeToHERE/Pods-GuideMeToHERE-frameworks-${CONFIGURATION}-output-files.xcfilelist",
			);
			runOnlyForDeploymentPostprocessing = 0;
			shellPath = /bin/sh;
			shellScript = "\"${PODS_ROOT}/Target Support Files/Pods-GuideMeToHERE/Pods-GuideMeToHERE-frameworks.sh\"\n";
			showEnvVarsInLog = 0;
		};
		C2FD53AA67A4C7837D7EA0C3 /* [CP] Check Pods Manifest.lock */ = {
			isa = PBXShellScriptBuildPhase;
			buildActionMask = 2147483647;
			files = (
			);
			inputFileListPaths = (
			);
			inputPaths = (
				"${PODS_PODFILE_DIR_PATH}/Podfile.lock",
				"${PODS_ROOT}/Manifest.lock",
			);
			name = "[CP] Check Pods Manifest.lock";
			outputFileListPaths = (
			);
			outputPaths = (
				"$(DERIVED_FILE_DIR)/Pods-GuideMeToHERE-checkManifestLockResult.txt",
			);
			runOnlyForDeploymentPostprocessing = 0;
			shellPath = /bin/sh;
			shellScript = "diff \"${PODS_PODFILE_DIR_PATH}/Podfile.lock\" \"${PODS_ROOT}/Manifest.lock\" > /dev/null\nif [ $? != 0 ] ; then\n    # print error to STDERR\n    echo \"error: The sandbox is not in sync with the Podfile.lock. Run 'pod install' or update your CocoaPods installation.\" >&2\n    exit 1\nfi\n# This output is used by Xcode 'outputs' to avoid re-running this script phase.\necho \"SUCCESS\" > \"${SCRIPT_OUTPUT_FILE_0}\"\n";
			showEnvVarsInLog = 0;
		};
		F5DBB3740EE5D821F06FDF1D /* [CP] Copy Pods Resources */ = {
			isa = PBXShellScriptBuildPhase;
			buildActionMask = 2147483647;
			files = (
			);
			inputFileListPaths = (
				"${PODS_ROOT}/Target Support Files/Pods-GuideMeToHERE/Pods-GuideMeToHERE-resources-${CONFIGURATION}-input-files.xcfilelist",
			);
			name = "[CP] Copy Pods Resources";
			outputFileListPaths = (
				"${PODS_ROOT}/Target Support Files/Pods-GuideMeToHERE/Pods-GuideMeToHERE-resources-${CONFIGURATION}-output-files.xcfilelist",
			);
			runOnlyForDeploymentPostprocessing = 0;
			shellPath = /bin/sh;
			shellScript = "\"${PODS_ROOT}/Target Support Files/Pods-GuideMeToHERE/Pods-GuideMeToHERE-resources.sh\"\n";
			showEnvVarsInLog = 0;
		};
/* End PBXShellScriptBuildPhase section */

/* Begin PBXSourcesBuildPhase section */
		C88D9E0121A57B4D00667479 /* Sources */ = {
			isa = PBXSourcesBuildPhase;
			buildActionMask = 2147483647;
			files = (
				C88D9E0B21A57B4D00667479 /* ViewController.swift in Sources */,
				C88D9E0921A57B4D00667479 /* AppDelegate.swift in Sources */,
			);
			runOnlyForDeploymentPostprocessing = 0;
		};
/* End PBXSourcesBuildPhase section */

/* Begin PBXVariantGroup section */
		C88D9E0C21A57B4D00667479 /* Main.storyboard */ = {
			isa = PBXVariantGroup;
			children = (
				C88D9E0D21A57B4D00667479 /* Base */,
			);
			name = Main.storyboard;
			sourceTree = "<group>";
		};
		C88D9E1121A57B5100667479 /* LaunchScreen.storyboard */ = {
			isa = PBXVariantGroup;
			children = (
				C88D9E1221A57B5100667479 /* Base */,
			);
			name = LaunchScreen.storyboard;
			sourceTree = "<group>";
		};
/* End PBXVariantGroup section */

/* Begin XCBuildConfiguration section */
		C88D9E1521A57B5100667479 /* Debug */ = {
			isa = XCBuildConfiguration;
			buildSettings = {
				ALWAYS_SEARCH_USER_PATHS = NO;
				CLANG_ANALYZER_NONNULL = YES;
				CLANG_ANALYZER_NUMBER_OBJECT_CONVERSION = YES_AGGRESSIVE;
				CLANG_CXX_LANGUAGE_STANDARD = "gnu++14";
				CLANG_CXX_LIBRARY = "libc++";
				CLANG_ENABLE_MODULES = YES;
				CLANG_ENABLE_OBJC_ARC = YES;
				CLANG_ENABLE_OBJC_WEAK = YES;
				CLANG_WARN_BLOCK_CAPTURE_AUTORELEASING = YES;
				CLANG_WARN_BOOL_CONVERSION = YES;
				CLANG_WARN_COMMA = YES;
				CLANG_WARN_CONSTANT_CONVERSION = YES;
				CLANG_WARN_DEPRECATED_OBJC_IMPLEMENTATIONS = YES;
				CLANG_WARN_DIRECT_OBJC_ISA_USAGE = YES_ERROR;
				CLANG_WARN_DOCUMENTATION_COMMENTS = YES;
				CLANG_WARN_EMPTY_BODY = YES;
				CLANG_WARN_ENUM_CONVERSION = YES;
				CLANG_WARN_INFINITE_RECURSION = YES;
				CLANG_WARN_INT_CONVERSION = YES;
				CLANG_WARN_NON_LITERAL_NULL_CONVERSION = YES;
				CLANG_WARN_OBJC_IMPLICIT_RETAIN_SELF = YES;
				CLANG_WARN_OBJC_LITERAL_CONVERSION = YES;
				CLANG_WARN_OBJC_ROOT_CLASS = YES_ERROR;
				CLANG_WARN_RANGE_LOOP_ANALYSIS = YES;
				CLANG_WARN_STRICT_PROTOTYPES = YES;
				CLANG_WARN_SUSPICIOUS_MOVE = YES;
				CLANG_WARN_UNGUARDED_AVAILABILITY = YES_AGGRESSIVE;
				CLANG_WARN_UNREACHABLE_CODE = YES;
				CLANG_WARN__DUPLICATE_METHOD_MATCH = YES;
				CODE_SIGN_IDENTITY = "iPhone Developer";
				COPY_PHASE_STRIP = NO;
				DEBUG_INFORMATION_FORMAT = dwarf;
				ENABLE_STRICT_OBJC_MSGSEND = YES;
				ENABLE_TESTABILITY = YES;
				"EXCLUDED_ARCHS[sdk=iphonesimulator*]" = arm64;
				GCC_C_LANGUAGE_STANDARD = gnu11;
				GCC_DYNAMIC_NO_PIC = NO;
				GCC_NO_COMMON_BLOCKS = YES;
				GCC_OPTIMIZATION_LEVEL = 0;
				GCC_PREPROCESSOR_DEFINITIONS = (
					"DEBUG=1",
					"$(inherited)",
				);
				GCC_WARN_64_TO_32_BIT_CONVERSION = YES;
				GCC_WARN_ABOUT_RETURN_TYPE = YES_ERROR;
				GCC_WARN_UNDECLARED_SELECTOR = YES;
				GCC_WARN_UNINITIALIZED_AUTOS = YES_AGGRESSIVE;
				GCC_WARN_UNUSED_FUNCTION = YES;
				GCC_WARN_UNUSED_VARIABLE = YES;
				IPHONEOS_DEPLOYMENT_TARGET = 12.0;
				MTL_ENABLE_DEBUG_INFO = INCLUDE_SOURCE;
				MTL_FAST_MATH = YES;
				ONLY_ACTIVE_ARCH = YES;
				SDKROOT = iphoneos;
				SWIFT_ACTIVE_COMPILATION_CONDITIONS = DEBUG;
				SWIFT_OPTIMIZATION_LEVEL = "-Onone";
			};
			name = Debug;
		};
		C88D9E1621A57B5100667479 /* Release */ = {
			isa = XCBuildConfiguration;
			buildSettings = {
				ALWAYS_SEARCH_USER_PATHS = NO;
				CLANG_ANALYZER_NONNULL = YES;
				CLANG_ANALYZER_NUMBER_OBJECT_CONVERSION = YES_AGGRESSIVE;
				CLANG_CXX_LANGUAGE_STANDARD = "gnu++14";
				CLANG_CXX_LIBRARY = "libc++";
				CLANG_ENABLE_MODULES = YES;
				CLANG_ENABLE_OBJC_ARC = YES;
				CLANG_ENABLE_OBJC_WEAK = YES;
				CLANG_WARN_BLOCK_CAPTURE_AUTORELEASING = YES;
				CLANG_WARN_BOOL_CONVERSION = YES;
				CLANG_WARN_COMMA = YES;
				CLANG_WARN_CONSTANT_CONVERSION = YES;
				CLANG_WARN_DEPRECATED_OBJC_IMPLEMENTATIONS = YES;
				CLANG_WARN_DIRECT_OBJC_ISA_USAGE = YES_ERROR;
				CLANG_WARN_DOCUMENTATION_COMMENTS = YES;
				CLANG_WARN_EMPTY_BODY = YES;
				CLANG_WARN_ENUM_CONVERSION = YES;
				CLANG_WARN_INFINITE_RECURSION = YES;
				CLANG_WARN_INT_CONVERSION = YES;
				CLANG_WARN_NON_LITERAL_NULL_CONVERSION = YES;
				CLANG_WARN_OBJC_IMPLICIT_RETAIN_SELF = YES;
				CLANG_WARN_OBJC_LITERAL_CONVERSION = YES;
				CLANG_WARN_OBJC_ROOT_CLASS = YES_ERROR;
				CLANG_WARN_RANGE_LOOP_ANALYSIS = YES;
				CLANG_WARN_STRICT_PROTOTYPES = YES;
				CLANG_WARN_SUSPICIOUS_MOVE = YES;
				CLANG_WARN_UNGUARDED_AVAILABILITY = YES_AGGRESSIVE;
				CLANG_WARN_UNREACHABLE_CODE = YES;
				CLANG_WARN__DUPLICATE_METHOD_MATCH = YES;
				CODE_SIGN_IDENTITY = "iPhone Developer";
				COPY_PHASE_STRIP = NO;
				DEBUG_INFORMATION_FORMAT = "dwarf-with-dsym";
				ENABLE_NS_ASSERTIONS = NO;
				ENABLE_STRICT_OBJC_MSGSEND = YES;
				GCC_C_LANGUAGE_STANDARD = gnu11;
				GCC_NO_COMMON_BLOCKS = YES;
				GCC_WARN_64_TO_32_BIT_CONVERSION = YES;
				GCC_WARN_ABOUT_RETURN_TYPE = YES_ERROR;
				GCC_WARN_UNDECLARED_SELECTOR = YES;
				GCC_WARN_UNINITIALIZED_AUTOS = YES_AGGRESSIVE;
				GCC_WARN_UNUSED_FUNCTION = YES;
				GCC_WARN_UNUSED_VARIABLE = YES;
				IPHONEOS_DEPLOYMENT_TARGET = 12.0;
				MTL_ENABLE_DEBUG_INFO = NO;
				MTL_FAST_MATH = YES;
				SDKROOT = iphoneos;
				SWIFT_COMPILATION_MODE = wholemodule;
				SWIFT_OPTIMIZATION_LEVEL = "-O";
				VALIDATE_PRODUCT = YES;
			};
			name = Release;
		};
		C88D9E1821A57B5100667479 /* Debug */ = {
			isa = XCBuildConfiguration;
			baseConfigurationReference = C4CA4FB39BD67F3FC272B311 /* Pods-GuideMeToHERE.debug.xcconfig */;
			buildSettings = {
				ASSETCATALOG_COMPILER_APPICON_NAME = AppIcon;
				CODE_SIGN_STYLE = Automatic;
				DEVELOPMENT_TEAM = "";
				FRAMEWORK_SEARCH_PATHS = (
					"$(inherited)",
					"$(PROJECT_DIR)",
				);
				INFOPLIST_FILE = GuideMeToHERE/Info.plist;
				IPHONEOS_DEPLOYMENT_TARGET = 12.0;
				LD_RUNPATH_SEARCH_PATHS = (
					"$(inherited)",
					"@executable_path/Frameworks",
				);
				PRODUCT_BUNDLE_IDENTIFIER = com.here.msdkui.example;
				PRODUCT_NAME = "$(TARGET_NAME)";
				SWIFT_VERSION = 4.2;
				TARGETED_DEVICE_FAMILY = "1,2";
			};
			name = Debug;
		};
		C88D9E1921A57B5100667479 /* Release */ = {
			isa = XCBuildConfiguration;
			baseConfigurationReference = 2CB98FDB524369BDB5B747C6 /* Pods-GuideMeToHERE.release.xcconfig */;
			buildSettings = {
				ASSETCATALOG_COMPILER_APPICON_NAME = AppIcon;
				CODE_SIGN_STYLE = Automatic;
				DEVELOPMENT_TEAM = "";
				FRAMEWORK_SEARCH_PATHS = (
					"$(inherited)",
					"$(PROJECT_DIR)",
				);
				INFOPLIST_FILE = GuideMeToHERE/Info.plist;
				IPHONEOS_DEPLOYMENT_TARGET = 12.0;
				LD_RUNPATH_SEARCH_PATHS = (
					"$(inherited)",
					"@executable_path/Frameworks",
				);
				PRODUCT_BUNDLE_IDENTIFIER = com.here.msdkui.example;
				PRODUCT_NAME = "$(TARGET_NAME)";
				SWIFT_VERSION = 4.2;
				TARGETED_DEVICE_FAMILY = "1,2";
			};
			name = Release;
		};
/* End XCBuildConfiguration section */

/* Begin XCConfigurationList section */
		C88D9E0021A57B4D00667479 /* Build configuration list for PBXProject "GuideMeToHERE" */ = {
			isa = XCConfigurationList;
			buildConfigurations = (
				C88D9E1521A57B5100667479 /* Debug */,
				C88D9E1621A57B5100667479 /* Release */,
			);
			defaultConfigurationIsVisible = 0;
			defaultConfigurationName = Release;
		};
		C88D9E1721A57B5100667479 /* Build configuration list for PBXNativeTarget "GuideMeToHERE" */ = {
			isa = XCConfigurationList;
			buildConfigurations = (
				C88D9E1821A57B5100667479 /* Debug */,
				C88D9E1921A57B5100667479 /* Release */,
			);
			defaultConfigurationIsVisible = 0;
			defaultConfigurationName = Release;
		};
/* End XCConfigurationList section */
	};
	rootObject = C88D9DFD21A57B4D00667479 /* Project object */;
}
