// !$*UTF8*$!
{
	archiveVersion = 1;
	classes = {
	};
	objectVersion = 52;
	objects = {

/* Begin PBXBuildFile section */
		B62D58D62508FED300EA973C /* AppDelegate.swift in Sources */ = {isa = PBXBuildFile; fileRef = B62D58D52508FED300EA973C /* AppDelegate.swift */; };
		B62D58D82508FED300EA973C /* SceneDelegate.swift in Sources */ = {isa = PBXBuildFile; fileRef = B62D58D72508FED300EA973C /* SceneDelegate.swift */; };
		B62D58DA2508FED300EA973C /* ContentView.swift in Sources */ = {isa = PBXBuildFile; fileRef = B62D58D92508FED300EA973C /* ContentView.swift */; };
		B62D58DC2508FED600EA973C /* Assets.xcassets in Resources */ = {isa = PBXBuildFile; fileRef = B62D58DB2508FED600EA973C /* Assets.xcassets */; };
		B62D58DF2508FED600EA973C /* Preview Assets.xcassets in Resources */ = {isa = PBXBuildFile; fileRef = B62D58DE2508FED600EA973C /* Preview Assets.xcassets */; };
		B62D58E22508FED600EA973C /* LaunchScreen.storyboard in Resources */ = {isa = PBXBuildFile; fileRef = B62D58E02508FED600EA973C /* LaunchScreen.storyboard */; };
		B62D58EF2509057C00EA973C /* HEREMapsView.swift in Sources */ = {isa = PBXBuildFile; fileRef = B62D58EE2509057C00EA973C /* HEREMapsView.swift */; };
		B63CA730250A49D400087F7C /* SchemePicker.swift in Sources */ = {isa = PBXBuildFile; fileRef = B63CA72F250A49D400087F7C /* SchemePicker.swift */; };
		B63CA732250A5A0400087F7C /* MapSettingText.swift in Sources */ = {isa = PBXBuildFile; fileRef = B63CA731250A5A0400087F7C /* MapSettingText.swift */; };
/* End PBXBuildFile section */

/* Begin PBXFileReference section */
		B62D58D22508FED300EA973C /* SwiftUIApp.app */ = {isa = PBXFileReference; explicitFileType = wrapper.application; includeInIndex = 0; path = SwiftUIApp.app; sourceTree = BUILT_PRODUCTS_DIR; };
		B62D58D52508FED300EA973C /* AppDelegate.swift */ = {isa = PBXFileReference; lastKnownFileType = sourcecode.swift; path = AppDelegate.swift; sourceTree = "<group>"; };
		B62D58D72508FED300EA973C /* SceneDelegate.swift */ = {isa = PBXFileReference; lastKnownFileType = sourcecode.swift; path = SceneDelegate.swift; sourceTree = "<group>"; };
		B62D58D92508FED300EA973C /* ContentView.swift */ = {isa = PBXFileReference; lastKnownFileType = sourcecode.swift; path = ContentView.swift; sourceTree = "<group>"; };
		B62D58DB2508FED600EA973C /* Assets.xcassets */ = {isa = PBXFileReference; lastKnownFileType = folder.assetcatalog; path = Assets.xcassets; sourceTree = "<group>"; };
		B62D58DE2508FED600EA973C /* Preview Assets.xcassets */ = {isa = PBXFileReference; lastKnownFileType = folder.assetcatalog; path = "Preview Assets.xcassets"; sourceTree = "<group>"; };
		B62D58E12508FED600EA973C /* Base */ = {isa = PBXFileReference; lastKnownFileType = file.storyboard; name = Base; path = Base.lproj/LaunchScreen.storyboard; sourceTree = "<group>"; };
		B62D58E32508FED600EA973C /* Info.plist */ = {isa = PBXFileReference; lastKnownFileType = text.plist.xml; path = Info.plist; sourceTree = "<group>"; };
		B62D58EE2509057C00EA973C /* HEREMapsView.swift */ = {isa = PBXFileReference; lastKnownFileType = sourcecode.swift; path = HEREMapsView.swift; sourceTree = "<group>"; };
		B63CA72F250A49D400087F7C /* SchemePicker.swift */ = {isa = PBXFileReference; lastKnownFileType = sourcecode.swift; path = SchemePicker.swift; sourceTree = "<group>"; };
		B63CA731250A5A0400087F7C /* MapSettingText.swift */ = {isa = PBXFileReference; lastKnownFileType = sourcecode.swift; path = MapSettingText.swift; sourceTree = "<group>"; };
/* End PBXFileReference section */

/* Begin PBXFrameworksBuildPhase section */
		B62D58CF2508FED300EA973C /* Frameworks */ = {
			isa = PBXFrameworksBuildPhase;
			buildActionMask = 2147483647;
			files = (
			);
			runOnlyForDeploymentPostprocessing = 0;
		};
/* End PBXFrameworksBuildPhase section */

/* Begin PBXGroup section */
		B62D58C92508FED300EA973C = {
			isa = PBXGroup;
			children = (
				B62D58D42508FED300EA973C /* SwiftUIApp */,
				B62D58D32508FED300EA973C /* Products */,
				B62D58E92509034900EA973C /* Frameworks */,
			);
			sourceTree = "<group>";
		};
		B62D58D32508FED300EA973C /* Products */ = {
			isa = PBXGroup;
			children = (
				B62D58D22508FED300EA973C /* SwiftUIApp.app */,
			);
			name = Products;
			sourceTree = "<group>";
		};
		B62D58D42508FED300EA973C /* SwiftUIApp */ = {
			isa = PBXGroup;
			children = (
				B62D58D52508FED300EA973C /* AppDelegate.swift */,
				B62D58D72508FED300EA973C /* SceneDelegate.swift */,
				B62D58D92508FED300EA973C /* ContentView.swift */,
				B62D58EE2509057C00EA973C /* HEREMapsView.swift */,
				B63CA72F250A49D400087F7C /* SchemePicker.swift */,
				B63CA731250A5A0400087F7C /* MapSettingText.swift */,
				B62D58DB2508FED600EA973C /* Assets.xcassets */,
				B62D58E02508FED600EA973C /* LaunchScreen.storyboard */,
				B62D58E32508FED600EA973C /* Info.plist */,
				B62D58DD2508FED600EA973C /* Preview Content */,
			);
			path = SwiftUIApp;
			sourceTree = "<group>";
		};
		B62D58DD2508FED600EA973C /* Preview Content */ = {
			isa = PBXGroup;
			children = (
				B62D58DE2508FED600EA973C /* Preview Assets.xcassets */,
			);
			path = "Preview Content";
			sourceTree = "<group>";
		};
		B62D58E92509034900EA973C /* Frameworks */ = {
			isa = PBXGroup;
			children = (
			);
			name = Frameworks;
			sourceTree = "<group>";
		};
/* End PBXGroup section */

/* Begin PBXNativeTarget section */
		B62D58D12508FED300EA973C /* SwiftUIApp */ = {
			isa = PBXNativeTarget;
			buildConfigurationList = B62D58E62508FED600EA973C /* Build configuration list for PBXNativeTarget "SwiftUIApp" */;
			buildPhases = (
				B62D58CE2508FED300EA973C /* Sources */,
				B62D58CF2508FED300EA973C /* Frameworks */,
				B62D58D02508FED300EA973C /* Resources */,
			);
			buildRules = (
			);
			dependencies = (
			);
			name = SwiftUIApp;
			productName = SwiftUIApp;
			productReference = B62D58D22508FED300EA973C /* SwiftUIApp.app */;
			productType = "com.apple.product-type.application";
		};
/* End PBXNativeTarget section */

/* Begin PBXProject section */
		B62D58CA2508FED300EA973C /* Project object */ = {
			isa = PBXProject;
			attributes = {
				LastSwiftUpdateCheck = 1160;
				LastUpgradeCheck = 1210;
				ORGANIZATIONNAME = "HERE Burnaby";
				TargetAttributes = {
					B62D58D12508FED300EA973C = {
						CreatedOnToolsVersion = 11.6;
					};
				};
			};
			buildConfigurationList = B62D58CD2508FED300EA973C /* Build configuration list for PBXProject "SwiftUIApp" */;
			compatibilityVersion = "Xcode 11.0";
			developmentRegion = en;
			hasScannedForEncodings = 0;
			knownRegions = (
				en,
				Base,
			);
			mainGroup = B62D58C92508FED300EA973C;
			productRefGroup = B62D58D32508FED300EA973C /* Products */;
			projectDirPath = "";
			projectRoot = "";
			targets = (
				B62D58D12508FED300EA973C /* SwiftUIApp */,
			);
		};
/* End PBXProject section */

/* Begin PBXResourcesBuildPhase section */
		B62D58D02508FED300EA973C /* Resources */ = {
			isa = PBXResourcesBuildPhase;
			buildActionMask = 2147483647;
			files = (
				B62D58E22508FED600EA973C /* LaunchScreen.storyboard in Resources */,
				B62D58DF2508FED600EA973C /* Preview Assets.xcassets in Resources */,
				B62D58DC2508FED600EA973C /* Assets.xcassets in Resources */,
			);
			runOnlyForDeploymentPostprocessing = 0;
		};
/* End PBXResourcesBuildPhase section */

/* Begin PBXSourcesBuildPhase section */
		B62D58CE2508FED300EA973C /* Sources */ = {
			isa = PBXSourcesBuildPhase;
			buildActionMask = 2147483647;
			files = (
				B62D58D62508FED300EA973C /* AppDelegate.swift in Sources */,
				B62D58EF2509057C00EA973C /* HEREMapsView.swift in Sources */,
				B63CA732250A5A0400087F7C /* MapSettingText.swift in Sources */,
				B63CA730250A49D400087F7C /* SchemePicker.swift in Sources */,
				B62D58D82508FED300EA973C /* SceneDelegate.swift in Sources */,
				B62D58DA2508FED300EA973C /* ContentView.swift in Sources */,
			);
			runOnlyForDeploymentPostprocessing = 0;
		};
/* End PBXSourcesBuildPhase section */

/* Begin PBXVariantGroup section */
		B62D58E02508FED600EA973C /* LaunchScreen.storyboard */ = {
			isa = PBXVariantGroup;
			children = (
				B62D58E12508FED600EA973C /* Base */,
			);
			name = LaunchScreen.storyboard;
			sourceTree = "<group>";
		};
/* End PBXVariantGroup section */

/* Begin XCBuildConfiguration section */
		B62D58E42508FED600EA973C /* Debug */ = {
			isa = XCBuildConfiguration;
			buildSettings = {
				ALWAYS_SEARCH_USER_PATHS = NO;
				CLANG_ANALYZER_NONNULL = YES;
				CLANG_ANALYZER_NUMBER_OBJECT_CONVERSION = YES_AGGRESSIVE;
				CLANG_CXX_LANGUAGE_STANDARD = "gnu++14";
				CLANG_CXX_LIBRARY = "libc++";
				CLANG_ENABLE_MODULES = YES;
				CLANG_ENABLE_OBJC_ARC = YES;
				CLANG_ENABLE_OBJC_WEAK = YES;
				CLANG_WARN_BLOCK_CAPTURE_AUTORELEASING = YES;
				CLANG_WARN_BOOL_CONVERSION = YES;
				CLANG_WARN_COMMA = YES;
				CLANG_WARN_CONSTANT_CONVERSION = YES;
				CLANG_WARN_DEPRECATED_OBJC_IMPLEMENTATIONS = YES;
				CLANG_WARN_DIRECT_OBJC_ISA_USAGE = YES_ERROR;
				CLANG_WARN_DOCUMENTATION_COMMENTS = YES;
				CLANG_WARN_EMPTY_BODY = YES;
				CLANG_WARN_ENUM_CONVERSION = YES;
				CLANG_WARN_INFINITE_RECURSION = YES;
				CLANG_WARN_INT_CONVERSION = YES;
				CLANG_WARN_NON_LITERAL_NULL_CONVERSION = YES;
				CLANG_WARN_OBJC_IMPLICIT_RETAIN_SELF = YES;
				CLANG_WARN_OBJC_LITERAL_CONVERSION = YES;
				CLANG_WARN_OBJC_ROOT_CLASS = YES_ERROR;
				CLANG_WARN_QUOTED_INCLUDE_IN_FRAMEWORK_HEADER = YES;
				CLANG_WARN_RANGE_LOOP_ANALYSIS = YES;
				CLANG_WARN_STRICT_PROTOTYPES = YES;
				CLANG_WARN_SUSPICIOUS_MOVE = YES;
				CLANG_WARN_UNGUARDED_AVAILABILITY = YES_AGGRESSIVE;
				CLANG_WARN_UNREACHABLE_CODE = YES;
				CLANG_WARN__DUPLICATE_METHOD_MATCH = YES;
				COPY_PHASE_STRIP = NO;
				DEBUG_INFORMATION_FORMAT = dwarf;
				ENABLE_STRICT_OBJC_MSGSEND = YES;
				ENABLE_TESTABILITY = YES;
				GCC_C_LANGUAGE_STANDARD = gnu11;
				GCC_DYNAMIC_NO_PIC = NO;
				GCC_NO_COMMON_BLOCKS = YES;
				GCC_OPTIMIZATION_LEVEL = 0;
				GCC_PREPROCESSOR_DEFINITIONS = (
					"DEBUG=1",
					"$(inherited)",
				);
				GCC_WARN_64_TO_32_BIT_CONVERSION = YES;
				GCC_WARN_ABOUT_RETURN_TYPE = YES_ERROR;
				GCC_WARN_UNDECLARED_SELECTOR = YES;
				GCC_WARN_UNINITIALIZED_AUTOS = YES_AGGRESSIVE;
				GCC_WARN_UNUSED_FUNCTION = YES;
				GCC_WARN_UNUSED_VARIABLE = YES;
				IPHONEOS_DEPLOYMENT_TARGET = 13.6;
				MTL_ENABLE_DEBUG_INFO = INCLUDE_SOURCE;
				MTL_FAST_MATH = YES;
				ONLY_ACTIVE_ARCH = YES;
				SDKROOT = iphoneos;
				SWIFT_ACTIVE_COMPILATION_CONDITIONS = DEBUG;
				SWIFT_OPTIMIZATION_LEVEL = "-Onone";
			};
			name = Debug;
		};
		B62D58E52508FED600EA973C /* Release */ = {
			isa = XCBuildConfiguration;
			buildSettings = {
				ALWAYS_SEARCH_USER_PATHS = NO;
				CLANG_ANALYZER_NONNULL = YES;
				CLANG_ANALYZER_NUMBER_OBJECT_CONVERSION = YES_AGGRESSIVE;
				CLANG_CXX_LANGUAGE_STANDARD = "gnu++14";
				CLANG_CXX_LIBRARY = "libc++";
				CLANG_ENABLE_MODULES = YES;
				CLANG_ENABLE_OBJC_ARC = YES;
				CLANG_ENABLE_OBJC_WEAK = YES;
				CLANG_WARN_BLOCK_CAPTURE_AUTORELEASING = YES;
				CLANG_WARN_BOOL_CONVERSION = YES;
				CLANG_WARN_COMMA = YES;
				CLANG_WARN_CONSTANT_CONVERSION = YES;
				CLANG_WARN_DEPRECATED_OBJC_IMPLEMENTATIONS = YES;
				CLANG_WARN_DIRECT_OBJC_ISA_USAGE = YES_ERROR;
				CLANG_WARN_DOCUMENTATION_COMMENTS = YES;
				CLANG_WARN_EMPTY_BODY = YES;
				CLANG_WARN_ENUM_CONVERSION = YES;
				CLANG_WARN_INFINITE_RECURSION = YES;
				CLANG_WARN_INT_CONVERSION = YES;
				CLANG_WARN_NON_LITERAL_NULL_CONVERSION = YES;
				CLANG_WARN_OBJC_IMPLICIT_RETAIN_SELF = YES;
				CLANG_WARN_OBJC_LITERAL_CONVERSION = YES;
				CLANG_WARN_OBJC_ROOT_CLASS = YES_ERROR;
				CLANG_WARN_QUOTED_INCLUDE_IN_FRAMEWORK_HEADER = YES;
				CLANG_WARN_RANGE_LOOP_ANALYSIS = YES;
				CLANG_WARN_STRICT_PROTOTYPES = YES;
				CLANG_WARN_SUSPICIOUS_MOVE = YES;
				CLANG_WARN_UNGUARDED_AVAILABILITY = YES_AGGRESSIVE;
				CLANG_WARN_UNREACHABLE_CODE = YES;
				CLANG_WARN__DUPLICATE_METHOD_MATCH = YES;
				COPY_PHASE_STRIP = NO;
				DEBUG_INFORMATION_FORMAT = "dwarf-with-dsym";
				ENABLE_NS_ASSERTIONS = NO;
				ENABLE_STRICT_OBJC_MSGSEND = YES;
				GCC_C_LANGUAGE_STANDARD = gnu11;
				GCC_NO_COMMON_BLOCKS = YES;
				GCC_WARN_64_TO_32_BIT_CONVERSION = YES;
				GCC_WARN_ABOUT_RETURN_TYPE = YES_ERROR;
				GCC_WARN_UNDECLARED_SELECTOR = YES;
				GCC_WARN_UNINITIALIZED_AUTOS = YES_AGGRESSIVE;
				GCC_WARN_UNUSED_FUNCTION = YES;
				GCC_WARN_UNUSED_VARIABLE = YES;
				IPHONEOS_DEPLOYMENT_TARGET = 13.6;
				MTL_ENABLE_DEBUG_INFO = NO;
				MTL_FAST_MATH = YES;
				SDKROOT = iphoneos;
				SWIFT_COMPILATION_MODE = wholemodule;
				SWIFT_OPTIMIZATION_LEVEL = "-O";
				VALIDATE_PRODUCT = YES;
			};
			name = Release;
		};
		B62D58E72508FED600EA973C /* Debug */ = {
			isa = XCBuildConfiguration;
			buildSettings = {
				ASSETCATALOG_COMPILER_APPICON_NAME = AppIcon;
				CODE_SIGN_STYLE = Automatic;
				DEVELOPMENT_ASSET_PATHS = "\"SwiftUIApp/Preview Content\"";
				DEVELOPMENT_TEAM = "";
				ENABLE_PREVIEWS = YES;
				FRAMEWORK_SEARCH_PATHS = (
					"$(inherited)",
					"$(PROJECT_DIR)",
				);
				INFOPLIST_FILE = SwiftUIApp/Info.plist;
				IPHONEOS_DEPLOYMENT_TARGET = 14.0;
				LD_RUNPATH_SEARCH_PATHS = (
					"$(inherited)",
					"@executable_path/Frameworks",
				);
				PRODUCT_BUNDLE_IDENTIFIER = nma.iOSHereSDKSamples.SwiftUI;
				PRODUCT_NAME = "$(TARGET_NAME)";
				SWIFT_VERSION = 5.0;
				TARGETED_DEVICE_FAMILY = "1,2";
			};
			name = Debug;
		};
		B62D58E82508FED600EA973C /* Release */ = {
			isa = XCBuildConfiguration;
			buildSettings = {
				ASSETCATALOG_COMPILER_APPICON_NAME = AppIcon;
				CODE_SIGN_STYLE = Automatic;
				DEVELOPMENT_ASSET_PATHS = "\"SwiftUIApp/Preview Content\"";
				DEVELOPMENT_TEAM = "";
				ENABLE_PREVIEWS = YES;
				FRAMEWORK_SEARCH_PATHS = (
					"$(inherited)",
					"$(PROJECT_DIR)",
				);
				INFOPLIST_FILE = SwiftUIApp/Info.plist;
				IPHONEOS_DEPLOYMENT_TARGET = 14.0;
				LD_RUNPATH_SEARCH_PATHS = (
					"$(inherited)",
					"@executable_path/Frameworks",
				);
				PRODUCT_BUNDLE_IDENTIFIER = nma.iOSHereSDKSamples.SwiftUI;
				PRODUCT_NAME = "$(TARGET_NAME)";
				SWIFT_VERSION = 5.0;
				TARGETED_DEVICE_FAMILY = "1,2";
			};
			name = Release;
		};
/* End XCBuildConfiguration section */

/* Begin XCConfigurationList section */
		B62D58CD2508FED300EA973C /* Build configuration list for PBXProject "SwiftUIApp" */ = {
			isa = XCConfigurationList;
			buildConfigurations = (
				B62D58E42508FED600EA973C /* Debug */,
				B62D58E52508FED600EA973C /* Release */,
			);
			defaultConfigurationIsVisible = 0;
			defaultConfigurationName = Release;
		};
		B62D58E62508FED600EA973C /* Build configuration list for PBXNativeTarget "SwiftUIApp" */ = {
			isa = XCConfigurationList;
			buildConfigurations = (
				B62D58E72508FED600EA973C /* Debug */,
				B62D58E82508FED600EA973C /* Release */,
			);
			defaultConfigurationIsVisible = 0;
			defaultConfigurationName = Release;
		};
/* End XCConfigurationList section */
	};
	rootObject = B62D58CA2508FED300EA973C /* Project object */;
}
