PODS:
  - HEREMaps (3.9.0)
  - HEREMapsUI (2.0.0):
    - HEREMaps (= 3.9)

DEPENDENCIES:
  - HEREMapsUI (= 2.0)

SPEC REPOS:
  https://github.com/CocoaPods/Specs:
    - HEREMaps
    - HEREMapsUI

SPEC CHECKSUMS:
  HEREMaps: ce39da9e661d5c7358ae832d29107072b99f3738
  HEREMapsUI: eaf5f28c5ecd80410bc4b1d12ae282b0ec140509

PODFILE CHECKSUM: 93d32dcd1b2db31e438f859f8943d2cc1345018e

COCOAPODS: 1.10.0
