PODS:
  - HEREMaps (3.9.0)
  - HEREMapsUI (2.0.0):
    - HEREMaps (= 3.9)

DEPENDENCIES:
  - HEREMapsUI (= 2.0)

SPEC REPOS:
  trunk:
    - HEREMaps
    - HEREMapsUI

SPEC CHECKSUMS:
  HEREMaps: ce39da9e661d5c7358ae832d29107072b99f3738
  HEREMapsUI: eaf5f28c5ecd80410bc4b1d12ae282b0ec140509

PODFILE CHECKSUM: 07feae432693eb703bcb835bbf90a0b0f4b11102

COCOAPODS: 1.8.1
