// !$*UTF8*$!
{
	archiveVersion = 1;
	classes = {
	};
	objectVersion = 46;
	objects = {

/* Begin PBXBuildFile section */
		4BE47DD21D94982100AEF78F /* main.m in Sources */ = {isa = PBXBuildFile; fileRef = 4BE47DD11D94982100AEF78F /* main.m */; };
		4BE47DD51D94982100AEF78F /* DemoAppDelegate.m in Sources */ = {isa = PBXBuildFile; fileRef = 4BE47DD41D94982100AEF78F /* DemoAppDelegate.m */; };
		4BE47DD81D94982100AEF78F /* MapViewController.m in Sources */ = {isa = PBXBuildFile; fileRef = 4BE47DD71D94982100AEF78F /* MapViewController.m */; };
		4BE47DDB1D94982100AEF78F /* Main.storyboard in Resources */ = {isa = PBXBuildFile; fileRef = 4BE47DD91D94982100AEF78F /* Main.storyboard */; };
		4BE47DDD1D94982100AEF78F /* Assets.xcassets in Resources */ = {isa = PBXBuildFile; fileRef = 4BE47DDC1D94982100AEF78F /* Assets.xcassets */; };
		4BE47DE01D94982100AEF78F /* LaunchScreen.storyboard in Resources */ = {isa = PBXBuildFile; fileRef = 4BE47DDE1D94982100AEF78F /* LaunchScreen.storyboard */; };
		4BE47DE91D9498C100AEF78F /* NMAKit.framework in Frameworks */ = {isa = PBXBuildFile; fileRef = 4BE47DE81D9498C100AEF78F /* NMAKit.framework */; };
		4BE47DEB1D9498DC00AEF78F /* NMAKit.framework in Embed Frameworks */ = {isa = PBXBuildFile; fileRef = 4BE47DE81D9498C100AEF78F /* NMAKit.framework */; settings = {ATTRIBUTES = (CodeSignOnCopy, RemoveHeadersOnCopy, ); }; };
		4BE47DEF1D99A0B200AEF78F /* marker.png in Resources */ = {isa = PBXBuildFile; fileRef = 4BE47DEE1D99A0B200AEF78F /* marker.png */; };
		4BE47DF51D99CAA600AEF78F /* ResultTableViewController.m in Sources */ = {isa = PBXBuildFile; fileRef = 4BE47DF41D99CAA600AEF78F /* ResultTableViewController.m */; };
		4BE47DF91D9AEAF300AEF78F /* PlaceDetailViewController.m in Sources */ = {isa = PBXBuildFile; fileRef = 4BE47DF81D9AEAF300AEF78F /* PlaceDetailViewController.m */; };
		4BE47DFC1D9C4C6000AEF78F /* Helper.m in Sources */ = {isa = PBXBuildFile; fileRef = 4BE47DFB1D9C4C6000AEF78F /* Helper.m */; };
/* End PBXBuildFile section */

/* Begin PBXCopyFilesBuildPhase section */
		4BE47DEC1D9498DC00AEF78F /* Embed Frameworks */ = {
			isa = PBXCopyFilesBuildPhase;
			buildActionMask = 2147483647;
			dstPath = "";
			dstSubfolderSpec = 10;
			files = (
				4BE47DEB1D9498DC00AEF78F /* NMAKit.framework in Embed Frameworks */,
			);
			name = "Embed Frameworks";
			runOnlyForDeploymentPostprocessing = 0;
		};
/* End PBXCopyFilesBuildPhase section */

/* Begin PBXFileReference section */
		4BE47DCD1D94982100AEF78F /* SearchApp.app */ = {isa = PBXFileReference; explicitFileType = wrapper.application; includeInIndex = 0; path = SearchApp.app; sourceTree = BUILT_PRODUCTS_DIR; };
		4BE47DD11D94982100AEF78F /* main.m */ = {isa = PBXFileReference; lastKnownFileType = sourcecode.c.objc; path = main.m; sourceTree = "<group>"; };
		4BE47DD31D94982100AEF78F /* DemoAppDelegate.h */ = {isa = PBXFileReference; lastKnownFileType = sourcecode.c.h; path = DemoAppDelegate.h; sourceTree = "<group>"; };
		4BE47DD41D94982100AEF78F /* DemoAppDelegate.m */ = {isa = PBXFileReference; lastKnownFileType = sourcecode.c.objc; path = DemoAppDelegate.m; sourceTree = "<group>"; };
		4BE47DD61D94982100AEF78F /* MapViewController.h */ = {isa = PBXFileReference; lastKnownFileType = sourcecode.c.h; path = MapViewController.h; sourceTree = "<group>"; };
		4BE47DD71D94982100AEF78F /* MapViewController.m */ = {isa = PBXFileReference; lastKnownFileType = sourcecode.c.objc; path = MapViewController.m; sourceTree = "<group>"; };
		4BE47DDA1D94982100AEF78F /* Base */ = {isa = PBXFileReference; lastKnownFileType = file.storyboard; name = Base; path = Base.lproj/Main.storyboard; sourceTree = "<group>"; };
		4BE47DDC1D94982100AEF78F /* Assets.xcassets */ = {isa = PBXFileReference; lastKnownFileType = folder.assetcatalog; path = Assets.xcassets; sourceTree = "<group>"; };
		4BE47DDF1D94982100AEF78F /* Base */ = {isa = PBXFileReference; lastKnownFileType = file.storyboard; name = Base; path = Base.lproj/LaunchScreen.storyboard; sourceTree = "<group>"; };
		4BE47DE11D94982100AEF78F /* Info.plist */ = {isa = PBXFileReference; lastKnownFileType = text.plist.xml; path = Info.plist; sourceTree = "<group>"; };
		4BE47DE81D9498C100AEF78F /* NMAKit.framework */ = {isa = PBXFileReference; lastKnownFileType = wrapper.framework; path = NMAKit.framework; sourceTree = "<group>"; };
		4BE47DEE1D99A0B200AEF78F /* marker.png */ = {isa = PBXFileReference; lastKnownFileType = image.png; path = marker.png; sourceTree = "<group>"; };
		4BE47DF41D99CAA600AEF78F /* ResultTableViewController.m */ = {isa = PBXFileReference; fileEncoding = 4; lastKnownFileType = sourcecode.c.objc; path = ResultTableViewController.m; sourceTree = "<group>"; };
		4BE47DF61D99CAD000AEF78F /* ResultTableViewController.h */ = {isa = PBXFileReference; lastKnownFileType = sourcecode.c.h; path = ResultTableViewController.h; sourceTree = "<group>"; };
		4BE47DF71D9AEADE00AEF78F /* PlaceDetailViewController.h */ = {isa = PBXFileReference; lastKnownFileType = sourcecode.c.h; path = PlaceDetailViewController.h; sourceTree = "<group>"; };
		4BE47DF81D9AEAF300AEF78F /* PlaceDetailViewController.m */ = {isa = PBXFileReference; fileEncoding = 4; lastKnownFileType = sourcecode.c.objc; path = PlaceDetailViewController.m; sourceTree = "<group>"; };
		4BE47DFA1D9C4C4100AEF78F /* Helper.h */ = {isa = PBXFileReference; lastKnownFileType = sourcecode.c.h; path = Helper.h; sourceTree = "<group>"; };
		4BE47DFB1D9C4C6000AEF78F /* Helper.m */ = {isa = PBXFileReference; fileEncoding = 4; lastKnownFileType = sourcecode.c.objc; path = Helper.m; sourceTree = "<group>"; };
/* End PBXFileReference section */

/* Begin PBXFrameworksBuildPhase section */
		4BE47DCA1D94982100AEF78F /* Frameworks */ = {
			isa = PBXFrameworksBuildPhase;
			buildActionMask = 2147483647;
			files = (
				4BE47DE91D9498C100AEF78F /* NMAKit.framework in Frameworks */,
			);
			runOnlyForDeploymentPostprocessing = 0;
		};
/* End PBXFrameworksBuildPhase section */

/* Begin PBXGroup section */
		4BE47DC41D94982100AEF78F = {
			isa = PBXGroup;
			children = (
				4BE47DED1D99A09700AEF78F /* Resources */,
				4BE47DE71D9498B000AEF78F /* Frameworks */,
				4BE47DCF1D94982100AEF78F /* SearchApp */,
				4BE47DCE1D94982100AEF78F /* Products */,
			);
			sourceTree = "<group>";
		};
		4BE47DCE1D94982100AEF78F /* Products */ = {
			isa = PBXGroup;
			children = (
				4BE47DCD1D94982100AEF78F /* SearchApp.app */,
			);
			name = Products;
			sourceTree = "<group>";
		};
		4BE47DCF1D94982100AEF78F /* SearchApp */ = {
			isa = PBXGroup;
			children = (
				4BE47DD31D94982100AEF78F /* DemoAppDelegate.h */,
				4BE47DD41D94982100AEF78F /* DemoAppDelegate.m */,
				4BE47DD61D94982100AEF78F /* MapViewController.h */,
				4BE47DD71D94982100AEF78F /* MapViewController.m */,
				4BE47DF61D99CAD000AEF78F /* ResultTableViewController.h */,
				4BE47DF41D99CAA600AEF78F /* ResultTableViewController.m */,
				4BE47DF71D9AEADE00AEF78F /* PlaceDetailViewController.h */,
				4BE47DF81D9AEAF300AEF78F /* PlaceDetailViewController.m */,
				4BE47DFA1D9C4C4100AEF78F /* Helper.h */,
				4BE47DFB1D9C4C6000AEF78F /* Helper.m */,
				4BE47DD91D94982100AEF78F /* Main.storyboard */,
				4BE47DDC1D94982100AEF78F /* Assets.xcassets */,
				4BE47DDE1D94982100AEF78F /* LaunchScreen.storyboard */,
				4BE47DE11D94982100AEF78F /* Info.plist */,
				4BE47DD01D94982100AEF78F /* Supporting Files */,
			);
			path = SearchApp;
			sourceTree = "<group>";
		};
		4BE47DD01D94982100AEF78F /* Supporting Files */ = {
			isa = PBXGroup;
			children = (
				4BE47DD11D94982100AEF78F /* main.m */,
			);
			name = "Supporting Files";
			sourceTree = "<group>";
		};
		4BE47DE71D9498B000AEF78F /* Frameworks */ = {
			isa = PBXGroup;
			children = (
				4BE47DE81D9498C100AEF78F /* NMAKit.framework */,
			);
			name = Frameworks;
			sourceTree = "<group>";
		};
		4BE47DED1D99A09700AEF78F /* Resources */ = {
			isa = PBXGroup;
			children = (
				4BE47DEE1D99A0B200AEF78F /* marker.png */,
			);
			name = Resources;
			sourceTree = "<group>";
		};
/* End PBXGroup section */

/* Begin PBXNativeTarget section */
		4BE47DCC1D94982100AEF78F /* SearchApp */ = {
			isa = PBXNativeTarget;
			buildConfigurationList = 4BE47DE41D94982100AEF78F /* Build configuration list for PBXNativeTarget "SearchApp" */;
			buildPhases = (
				4BE47DC91D94982100AEF78F /* Sources */,
				4BE47DCA1D94982100AEF78F /* Frameworks */,
				4BE47DCB1D94982100AEF78F /* Resources */,
				4BE47DEC1D9498DC00AEF78F /* Embed Frameworks */,
			);
			buildRules = (
			);
			dependencies = (
			);
			name = SearchApp;
			productName = SearchApp;
			productReference = 4BE47DCD1D94982100AEF78F /* SearchApp.app */;
			productType = "com.apple.product-type.application";
		};
/* End PBXNativeTarget section */

/* Begin PBXProject section */
		4BE47DC51D94982100AEF78F /* Project object */ = {
			isa = PBXProject;
			attributes = {
				LastUpgradeCheck = 0800;
				ORGANIZATIONNAME = "HERE Burnaby";
				TargetAttributes = {
					4BE47DCC1D94982100AEF78F = {
						CreatedOnToolsVersion = 8.0;
						ProvisioningStyle = Automatic;
					};
				};
			};
			buildConfigurationList = 4BE47DC81D94982100AEF78F /* Build configuration list for PBXProject "SearchApp" */;
			compatibilityVersion = "Xcode 3.2";
			developmentRegion = English;
			hasScannedForEncodings = 0;
			knownRegions = (
				en,
				Base,
			);
			mainGroup = 4BE47DC41D94982100AEF78F;
			productRefGroup = 4BE47DCE1D94982100AEF78F /* Products */;
			projectDirPath = "";
			projectRoot = "";
			targets = (
				4BE47DCC1D94982100AEF78F /* SearchApp */,
			);
		};
/* End PBXProject section */

/* Begin PBXResourcesBuildPhase section */
		4BE47DCB1D94982100AEF78F /* Resources */ = {
			isa = PBXResourcesBuildPhase;
			buildActionMask = 2147483647;
			files = (
				4BE47DE01D94982100AEF78F /* LaunchScreen.storyboard in Resources */,
				4BE47DDD1D94982100AEF78F /* Assets.xcassets in Resources */,
				4BE47DDB1D94982100AEF78F /* Main.storyboard in Resources */,
				4BE47DEF1D99A0B200AEF78F /* marker.png in Resources */,
			);
			runOnlyForDeploymentPostprocessing = 0;
		};
/* End PBXResourcesBuildPhase section */

/* Begin PBXSourcesBuildPhase section */
		4BE47DC91D94982100AEF78F /* Sources */ = {
			isa = PBXSourcesBuildPhase;
			buildActionMask = 2147483647;
			files = (
				4BE47DF51D99CAA600AEF78F /* ResultTableViewController.m in Sources */,
				4BE47DFC1D9C4C6000AEF78F /* Helper.m in Sources */,
				4BE47DD81D94982100AEF78F /* MapViewController.m in Sources */,
				4BE47DD51D94982100AEF78F /* DemoAppDelegate.m in Sources */,
				4BE47DD21D94982100AEF78F /* main.m in Sources */,
				4BE47DF91D9AEAF300AEF78F /* PlaceDetailViewController.m in Sources */,
			);
			runOnlyForDeploymentPostprocessing = 0;
		};
/* End PBXSourcesBuildPhase section */

/* Begin PBXVariantGroup section */
		4BE47DD91D94982100AEF78F /* Main.storyboard */ = {
			isa = PBXVariantGroup;
			children = (
				4BE47DDA1D94982100AEF78F /* Base */,
			);
			name = Main.storyboard;
			sourceTree = "<group>";
		};
		4BE47DDE1D94982100AEF78F /* LaunchScreen.storyboard */ = {
			isa = PBXVariantGroup;
			children = (
				4BE47DDF1D94982100AEF78F /* Base */,
			);
			name = LaunchScreen.storyboard;
			sourceTree = "<group>";
		};
/* End PBXVariantGroup section */

/* Begin XCBuildConfiguration section */
		4BE47DE21D94982100AEF78F /* Debug */ = {
			isa = XCBuildConfiguration;
			buildSettings = {
				ALWAYS_SEARCH_USER_PATHS = NO;
				CLANG_ANALYZER_NONNULL = YES;
				CLANG_CXX_LANGUAGE_STANDARD = "gnu++0x";
				CLANG_CXX_LIBRARY = "libc++";
				CLANG_ENABLE_MODULES = YES;
				CLANG_ENABLE_OBJC_ARC = YES;
				CLANG_WARN_BOOL_CONVERSION = YES;
				CLANG_WARN_CONSTANT_CONVERSION = YES;
				CLANG_WARN_DIRECT_OBJC_ISA_USAGE = YES_ERROR;
				CLANG_WARN_DOCUMENTATION_COMMENTS = YES;
				CLANG_WARN_EMPTY_BODY = YES;
				CLANG_WARN_ENUM_CONVERSION = YES;
				CLANG_WARN_INFINITE_RECURSION = YES;
				CLANG_WARN_INT_CONVERSION = YES;
				CLANG_WARN_OBJC_ROOT_CLASS = YES_ERROR;
				CLANG_WARN_SUSPICIOUS_MOVES = YES;
				CLANG_WARN_UNREACHABLE_CODE = YES;
				CLANG_WARN__DUPLICATE_METHOD_MATCH = YES;
				"CODE_SIGN_IDENTITY[sdk=iphoneos*]" = "iPhone Developer";
				COPY_PHASE_STRIP = NO;
				DEBUG_INFORMATION_FORMAT = dwarf;
				ENABLE_STRICT_OBJC_MSGSEND = YES;
				ENABLE_TESTABILITY = YES;
				GCC_C_LANGUAGE_STANDARD = gnu99;
				GCC_DYNAMIC_NO_PIC = NO;
				GCC_NO_COMMON_BLOCKS = YES;
				GCC_OPTIMIZATION_LEVEL = 0;
				GCC_PREPROCESSOR_DEFINITIONS = (
					"DEBUG=1",
					"$(inherited)",
				);
				GCC_WARN_64_TO_32_BIT_CONVERSION = YES;
				GCC_WARN_ABOUT_RETURN_TYPE = YES_ERROR;
				GCC_WARN_UNDECLARED_SELECTOR = YES;
				GCC_WARN_UNINITIALIZED_AUTOS = YES_AGGRESSIVE;
				GCC_WARN_UNUSED_FUNCTION = YES;
				GCC_WARN_UNUSED_VARIABLE = YES;
				IPHONEOS_DEPLOYMENT_TARGET = 10.0;
				MTL_ENABLE_DEBUG_INFO = YES;
				ONLY_ACTIVE_ARCH = YES;
				SDKROOT = iphoneos;
			};
			name = Debug;
		};
		4BE47DE31D94982100AEF78F /* Release */ = {
			isa = XCBuildConfiguration;
			buildSettings = {
				ALWAYS_SEARCH_USER_PATHS = NO;
				CLANG_ANALYZER_NONNULL = YES;
				CLANG_CXX_LANGUAGE_STANDARD = "gnu++0x";
				CLANG_CXX_LIBRARY = "libc++";
				CLANG_ENABLE_MODULES = YES;
				CLANG_ENABLE_OBJC_ARC = YES;
				CLANG_WARN_BOOL_CONVERSION = YES;
				CLANG_WARN_CONSTANT_CONVERSION = YES;
				CLANG_WARN_DIRECT_OBJC_ISA_USAGE = YES_ERROR;
				CLANG_WARN_DOCUMENTATION_COMMENTS = YES;
				CLANG_WARN_EMPTY_BODY = YES;
				CLANG_WARN_ENUM_CONVERSION = YES;
				CLANG_WARN_INFINITE_RECURSION = YES;
				CLANG_WARN_INT_CONVERSION = YES;
				CLANG_WARN_OBJC_ROOT_CLASS = YES_ERROR;
				CLANG_WARN_SUSPICIOUS_MOVES = YES;
				CLANG_WARN_UNREACHABLE_CODE = YES;
				CLANG_WARN__DUPLICATE_METHOD_MATCH = YES;
				"CODE_SIGN_IDENTITY[sdk=iphoneos*]" = "iPhone Developer";
				COPY_PHASE_STRIP = NO;
				DEBUG_INFORMATION_FORMAT = "dwarf-with-dsym";
				ENABLE_NS_ASSERTIONS = NO;
				ENABLE_STRICT_OBJC_MSGSEND = YES;
				GCC_C_LANGUAGE_STANDARD = gnu99;
				GCC_NO_COMMON_BLOCKS = YES;
				GCC_WARN_64_TO_32_BIT_CONVERSION = YES;
				GCC_WARN_ABOUT_RETURN_TYPE = YES_ERROR;
				GCC_WARN_UNDECLARED_SELECTOR = YES;
				GCC_WARN_UNINITIALIZED_AUTOS = YES_AGGRESSIVE;
				GCC_WARN_UNUSED_FUNCTION = YES;
				GCC_WARN_UNUSED_VARIABLE = YES;
				IPHONEOS_DEPLOYMENT_TARGET = 10.0;
				MTL_ENABLE_DEBUG_INFO = NO;
				SDKROOT = iphoneos;
				VALIDATE_PRODUCT = YES;
			};
			name = Release;
		};
		4BE47DE51D94982100AEF78F /* Debug */ = {
			isa = XCBuildConfiguration;
			buildSettings = {
				ASSETCATALOG_COMPILER_APPICON_NAME = AppIcon;
				DEVELOPMENT_TEAM = "";
				ENABLE_BITCODE = NO;
				FRAMEWORK_SEARCH_PATHS = (
					"$(inherited)",
					"$(PROJECT_DIR)",
				);
				INFOPLIST_FILE = SearchApp/Info.plist;
				LD_RUNPATH_SEARCH_PATHS = "$(inherited) @executable_path/Frameworks";
				PRODUCT_BUNDLE_IDENTIFIER = nma.iOSHereSDKSamples.Search;
				PRODUCT_NAME = "$(TARGET_NAME)";
			};
			name = Debug;
		};
		4BE47DE61D94982100AEF78F /* Release */ = {
			isa = XCBuildConfiguration;
			buildSettings = {
				ASSETCATALOG_COMPILER_APPICON_NAME = AppIcon;
				DEVELOPMENT_TEAM = "";
				ENABLE_BITCODE = NO;
				FRAMEWORK_SEARCH_PATHS = (
					"$(inherited)",
					"$(PROJECT_DIR)",
				);
				INFOPLIST_FILE = SearchApp/Info.plist;
				LD_RUNPATH_SEARCH_PATHS = "$(inherited) @executable_path/Frameworks";
				PRODUCT_BUNDLE_IDENTIFIER = nma.iOSHereSDKSamples.Search;
				PRODUCT_NAME = "$(TARGET_NAME)";
			};
			name = Release;
		};
/* End XCBuildConfiguration section */

/* Begin XCConfigurationList section */
		4BE47DC81D94982100AEF78F /* Build configuration list for PBXProject "SearchApp" */ = {
			isa = XCConfigurationList;
			buildConfigurations = (
				4BE47DE21D94982100AEF78F /* Debug */,
				4BE47DE31D94982100AEF78F /* Release */,
			);
			defaultConfigurationIsVisible = 0;
			defaultConfigurationName = Release;
		};
		4BE47DE41D94982100AEF78F /* Build configuration list for PBXNativeTarget "SearchApp" */ = {
			isa = XCConfigurationList;
			buildConfigurations = (
				4BE47DE51D94982100AEF78F /* Debug */,
				4BE47DE61D94982100AEF78F /* Release */,
			);
			defaultConfigurationIsVisible = 0;
			defaultConfigurationName = Release;
		};
/* End XCConfigurationList section */
	};
	rootObject = 4BE47DC51D94982100AEF78F /* Project object */;
}
