// !$*UTF8*$!
{
	archiveVersion = 1;
	classes = {
	};
	objectVersion = 51;
	objects = {

/* Begin PBXBuildFile section */
		9664533926CD5AA600617D29 /* AppDelegate.m in Sources */ = {isa = PBXBuildFile; fileRef = 9664533826CD5AA600617D29 /* AppDelegate.m */; };
		9664533C26CD5AA600617D29 /* SceneDelegate.m in Sources */ = {isa = PBXBuildFile; fileRef = 9664533B26CD5AA600617D29 /* SceneDelegate.m */; };
		9664533F26CD5AA600617D29 /* ViewController.m in Sources */ = {isa = PBXBuildFile; fileRef = 9664533E26CD5AA600617D29 /* ViewController.m */; };
		9664534226CD5AA600617D29 /* Main.storyboard in Resources */ = {isa = PBXBuildFile; fileRef = 9664534026CD5AA600617D29 /* Main.storyboard */; };
		9664534426CD5AA800617D29 /* Assets.xcassets in Resources */ = {isa = PBXBuildFile; fileRef = 9664534326CD5AA800617D29 /* Assets.xcassets */; };
		9664534726CD5AA800617D29 /* LaunchScreen.storyboard in Resources */ = {isa = PBXBuildFile; fileRef = 9664534526CD5AA800617D29 /* LaunchScreen.storyboard */; };
		9664534A26CD5AA800617D29 /* main.m in Sources */ = {isa = PBXBuildFile; fileRef = 9664534926CD5AA800617D29 /* main.m */; };
/* End PBXBuildFile section */

/* Begin PBXFileReference section */
		9664533426CD5AA600617D29 /* MapDataPrefetcherApp.app */ = {isa = PBXFileReference; explicitFileType = wrapper.application; includeInIndex = 0; path = MapDataPrefetcherApp.app; sourceTree = BUILT_PRODUCTS_DIR; };
		9664533726CD5AA600617D29 /* AppDelegate.h */ = {isa = PBXFileReference; lastKnownFileType = sourcecode.c.h; path = AppDelegate.h; sourceTree = "<group>"; };
		9664533826CD5AA600617D29 /* AppDelegate.m */ = {isa = PBXFileReference; lastKnownFileType = sourcecode.c.objc; path = AppDelegate.m; sourceTree = "<group>"; };
		9664533A26CD5AA600617D29 /* SceneDelegate.h */ = {isa = PBXFileReference; lastKnownFileType = sourcecode.c.h; path = SceneDelegate.h; sourceTree = "<group>"; };
		9664533B26CD5AA600617D29 /* SceneDelegate.m */ = {isa = PBXFileReference; lastKnownFileType = sourcecode.c.objc; path = SceneDelegate.m; sourceTree = "<group>"; };
		9664533D26CD5AA600617D29 /* ViewController.h */ = {isa = PBXFileReference; lastKnownFileType = sourcecode.c.h; path = ViewController.h; sourceTree = "<group>"; };
		9664533E26CD5AA600617D29 /* ViewController.m */ = {isa = PBXFileReference; lastKnownFileType = sourcecode.c.objc; path = ViewController.m; sourceTree = "<group>"; };
		9664534126CD5AA600617D29 /* Base */ = {isa = PBXFileReference; lastKnownFileType = file.storyboard; name = Base; path = Base.lproj/Main.storyboard; sourceTree = "<group>"; };
		9664534326CD5AA800617D29 /* Assets.xcassets */ = {isa = PBXFileReference; lastKnownFileType = folder.assetcatalog; path = Assets.xcassets; sourceTree = "<group>"; };
		9664534626CD5AA800617D29 /* Base */ = {isa = PBXFileReference; lastKnownFileType = file.storyboard; name = Base; path = Base.lproj/LaunchScreen.storyboard; sourceTree = "<group>"; };
		9664534826CD5AA800617D29 /* Info.plist */ = {isa = PBXFileReference; lastKnownFileType = text.plist.xml; path = Info.plist; sourceTree = "<group>"; };
		9664534926CD5AA800617D29 /* main.m */ = {isa = PBXFileReference; lastKnownFileType = sourcecode.c.objc; path = main.m; sourceTree = "<group>"; };
/* End PBXFileReference section */

/* Begin PBXFrameworksBuildPhase section */
		9664533126CD5AA600617D29 /* Frameworks */ = {
			isa = PBXFrameworksBuildPhase;
			buildActionMask = 2147483647;
			files = (
			);
			runOnlyForDeploymentPostprocessing = 0;
		};
/* End PBXFrameworksBuildPhase section */

/* Begin PBXGroup section */
		716E9EE241B04FDAA7D81D5F /* Pods */ = {
			isa = PBXGroup;
			children = (
			);
			path = Pods;
			sourceTree = "<group>";
		};
		9664532B26CD5AA600617D29 = {
			isa = PBXGroup;
			children = (
				9664533626CD5AA600617D29 /* MapDataPrefetcherApp */,
				9664533526CD5AA600617D29 /* Products */,
				716E9EE241B04FDAA7D81D5F /* Pods */,
			);
			sourceTree = "<group>";
		};
		9664533526CD5AA600617D29 /* Products */ = {
			isa = PBXGroup;
			children = (
				9664533426CD5AA600617D29 /* MapDataPrefetcherApp.app */,
			);
			name = Products;
			sourceTree = "<group>";
		};
		9664533626CD5AA600617D29 /* MapDataPrefetcherApp */ = {
			isa = PBXGroup;
			children = (
				9664533726CD5AA600617D29 /* AppDelegate.h */,
				9664533826CD5AA600617D29 /* AppDelegate.m */,
				9664533A26CD5AA600617D29 /* SceneDelegate.h */,
				9664533B26CD5AA600617D29 /* SceneDelegate.m */,
				9664533D26CD5AA600617D29 /* ViewController.h */,
				9664533E26CD5AA600617D29 /* ViewController.m */,
				9664534026CD5AA600617D29 /* Main.storyboard */,
				9664534326CD5AA800617D29 /* Assets.xcassets */,
				9664534526CD5AA800617D29 /* LaunchScreen.storyboard */,
				9664534826CD5AA800617D29 /* Info.plist */,
				9664534926CD5AA800617D29 /* main.m */,
			);
			path = MapDataPrefetcherApp;
			sourceTree = "<group>";
		};
/* End PBXGroup section */

/* Begin PBXNativeTarget section */
		9664533326CD5AA600617D29 /* MapDataPrefetcherApp */ = {
			isa = PBXNativeTarget;
			buildConfigurationList = 9664534D26CD5AA800617D29 /* Build configuration list for PBXNativeTarget "MapDataPrefetcherApp" */;
			buildPhases = (
				9664533026CD5AA600617D29 /* Sources */,
				9664533126CD5AA600617D29 /* Frameworks */,
				9664533226CD5AA600617D29 /* Resources */,
			);
			buildRules = (
			);
			dependencies = (
			);
			name = MapDataPrefetcherApp;
			productName = MapDataPrefetcherApp;
			productReference = 9664533426CD5AA600617D29 /* MapDataPrefetcherApp.app */;
			productType = "com.apple.product-type.application";
		};
/* End PBXNativeTarget section */

/* Begin PBXProject section */
		9664532C26CD5AA600617D29 /* Project object */ = {
			isa = PBXProject;
			attributes = {
				LastUpgradeCheck = 1250;
				TargetAttributes = {
					9664533326CD5AA600617D29 = {
						CreatedOnToolsVersion = 12.5.1;
					};
				};
			};
			buildConfigurationList = 9664532F26CD5AA600617D29 /* Build configuration list for PBXProject "MapDataPrefetcherApp" */;
			compatibilityVersion = "Xcode 9.3";
			developmentRegion = en;
			hasScannedForEncodings = 0;
			knownRegions = (
				en,
				Base,
			);
			mainGroup = 9664532B26CD5AA600617D29;
			productRefGroup = 9664533526CD5AA600617D29 /* Products */;
			projectDirPath = "";
			projectRoot = "";
			targets = (
				9664533326CD5AA600617D29 /* MapDataPrefetcherApp */,
			);
		};
/* End PBXProject section */

/* Begin PBXResourcesBuildPhase section */
		9664533226CD5AA600617D29 /* Resources */ = {
			isa = PBXResourcesBuildPhase;
			buildActionMask = 2147483647;
			files = (
				9664534726CD5AA800617D29 /* LaunchScreen.storyboard in Resources */,
				9664534426CD5AA800617D29 /* Assets.xcassets in Resources */,
				9664534226CD5AA600617D29 /* Main.storyboard in Resources */,
			);
			runOnlyForDeploymentPostprocessing = 0;
		};
/* End PBXResourcesBuildPhase section */

/* Begin PBXSourcesBuildPhase section */
		9664533026CD5AA600617D29 /* Sources */ = {
			isa = PBXSourcesBuildPhase;
			buildActionMask = 2147483647;
			files = (
				9664533F26CD5AA600617D29 /* ViewController.m in Sources */,
				9664533926CD5AA600617D29 /* AppDelegate.m in Sources */,
				9664534A26CD5AA800617D29 /* main.m in Sources */,
				9664533C26CD5AA600617D29 /* SceneDelegate.m in Sources */,
			);
			runOnlyForDeploymentPostprocessing = 0;
		};
/* End PBXSourcesBuildPhase section */

/* Begin PBXVariantGroup section */
		9664534026CD5AA600617D29 /* Main.storyboard */ = {
			isa = PBXVariantGroup;
			children = (
				9664534126CD5AA600617D29 /* Base */,
			);
			name = Main.storyboard;
			sourceTree = "<group>";
		};
		9664534526CD5AA800617D29 /* LaunchScreen.storyboard */ = {
			isa = PBXVariantGroup;
			children = (
				9664534626CD5AA800617D29 /* Base */,
			);
			name = LaunchScreen.storyboard;
			sourceTree = "<group>";
		};
/* End PBXVariantGroup section */

/* Begin XCBuildConfiguration section */
		9664534B26CD5AA800617D29 /* Debug */ = {
			isa = XCBuildConfiguration;
			buildSettings = {
				ALWAYS_SEARCH_USER_PATHS = NO;
				CLANG_ANALYZER_NONNULL = YES;
				CLANG_ANALYZER_NUMBER_OBJECT_CONVERSION = YES_AGGRESSIVE;
				CLANG_CXX_LANGUAGE_STANDARD = "gnu++14";
				CLANG_CXX_LIBRARY = "libc++";
				CLANG_ENABLE_MODULES = YES;
				CLANG_ENABLE_OBJC_ARC = YES;
				CLANG_ENABLE_OBJC_WEAK = YES;
				CLANG_WARN_BLOCK_CAPTURE_AUTORELEASING = YES;
				CLANG_WARN_BOOL_CONVERSION = YES;
				CLANG_WARN_COMMA = YES;
				CLANG_WARN_CONSTANT_CONVERSION = YES;
				CLANG_WARN_DEPRECATED_OBJC_IMPLEMENTATIONS = YES;
				CLANG_WARN_DIRECT_OBJC_ISA_USAGE = YES_ERROR;
				CLANG_WARN_DOCUMENTATION_COMMENTS = YES;
				CLANG_WARN_EMPTY_BODY = YES;
				CLANG_WARN_ENUM_CONVERSION = YES;
				CLANG_WARN_INFINITE_RECURSION = YES;
				CLANG_WARN_INT_CONVERSION = YES;
				CLANG_WARN_NON_LITERAL_NULL_CONVERSION = YES;
				CLANG_WARN_OBJC_IMPLICIT_RETAIN_SELF = YES;
				CLANG_WARN_OBJC_LITERAL_CONVERSION = YES;
				CLANG_WARN_OBJC_ROOT_CLASS = YES_ERROR;
				CLANG_WARN_QUOTED_INCLUDE_IN_FRAMEWORK_HEADER = YES;
				CLANG_WARN_RANGE_LOOP_ANALYSIS = YES;
				CLANG_WARN_STRICT_PROTOTYPES = YES;
				CLANG_WARN_SUSPICIOUS_MOVE = YES;
				CLANG_WARN_UNGUARDED_AVAILABILITY = YES_AGGRESSIVE;
				CLANG_WARN_UNREACHABLE_CODE = YES;
				CLANG_WARN__DUPLICATE_METHOD_MATCH = YES;
				COPY_PHASE_STRIP = NO;
				DEBUG_INFORMATION_FORMAT = dwarf;
				ENABLE_STRICT_OBJC_MSGSEND = YES;
				ENABLE_TESTABILITY = YES;
				GCC_C_LANGUAGE_STANDARD = gnu11;
				GCC_DYNAMIC_NO_PIC = NO;
				GCC_NO_COMMON_BLOCKS = YES;
				GCC_OPTIMIZATION_LEVEL = 0;
				GCC_PREPROCESSOR_DEFINITIONS = (
					"DEBUG=1",
					"$(inherited)",
				);
				GCC_WARN_64_TO_32_BIT_CONVERSION = YES;
				GCC_WARN_ABOUT_RETURN_TYPE = YES_ERROR;
				GCC_WARN_UNDECLARED_SELECTOR = YES;
				GCC_WARN_UNINITIALIZED_AUTOS = YES_AGGRESSIVE;
				GCC_WARN_UNUSED_FUNCTION = YES;
				GCC_WARN_UNUSED_VARIABLE = YES;
				IPHONEOS_DEPLOYMENT_TARGET = 14.5;
				MTL_ENABLE_DEBUG_INFO = INCLUDE_SOURCE;
				MTL_FAST_MATH = YES;
				ONLY_ACTIVE_ARCH = YES;
				SDKROOT = iphoneos;
			};
			name = Debug;
		};
		9664534C26CD5AA800617D29 /* Release */ = {
			isa = XCBuildConfiguration;
			buildSettings = {
				ALWAYS_SEARCH_USER_PATHS = NO;
				CLANG_ANALYZER_NONNULL = YES;
				CLANG_ANALYZER_NUMBER_OBJECT_CONVERSION = YES_AGGRESSIVE;
				CLANG_CXX_LANGUAGE_STANDARD = "gnu++14";
				CLANG_CXX_LIBRARY = "libc++";
				CLANG_ENABLE_MODULES = YES;
				CLANG_ENABLE_OBJC_ARC = YES;
				CLANG_ENABLE_OBJC_WEAK = YES;
				CLANG_WARN_BLOCK_CAPTURE_AUTORELEASING = YES;
				CLANG_WARN_BOOL_CONVERSION = YES;
				CLANG_WARN_COMMA = YES;
				CLANG_WARN_CONSTANT_CONVERSION = YES;
				CLANG_WARN_DEPRECATED_OBJC_IMPLEMENTATIONS = YES;
				CLANG_WARN_DIRECT_OBJC_ISA_USAGE = YES_ERROR;
				CLANG_WARN_DOCUMENTATION_COMMENTS = YES;
				CLANG_WARN_EMPTY_BODY = YES;
				CLANG_WARN_ENUM_CONVERSION = YES;
				CLANG_WARN_INFINITE_RECURSION = YES;
				CLANG_WARN_INT_CONVERSION = YES;
				CLANG_WARN_NON_LITERAL_NULL_CONVERSION = YES;
				CLANG_WARN_OBJC_IMPLICIT_RETAIN_SELF = YES;
				CLANG_WARN_OBJC_LITERAL_CONVERSION = YES;
				CLANG_WARN_OBJC_ROOT_CLASS = YES_ERROR;
				CLANG_WARN_QUOTED_INCLUDE_IN_FRAMEWORK_HEADER = YES;
				CLANG_WARN_RANGE_LOOP_ANALYSIS = YES;
				CLANG_WARN_STRICT_PROTOTYPES = YES;
				CLANG_WARN_SUSPICIOUS_MOVE = YES;
				CLANG_WARN_UNGUARDED_AVAILABILITY = YES_AGGRESSIVE;
				CLANG_WARN_UNREACHABLE_CODE = YES;
				CLANG_WARN__DUPLICATE_METHOD_MATCH = YES;
				COPY_PHASE_STRIP = NO;
				DEBUG_INFORMATION_FORMAT = "dwarf-with-dsym";
				ENABLE_NS_ASSERTIONS = NO;
				ENABLE_STRICT_OBJC_MSGSEND = YES;
				GCC_C_LANGUAGE_STANDARD = gnu11;
				GCC_NO_COMMON_BLOCKS = YES;
				GCC_WARN_64_TO_32_BIT_CONVERSION = YES;
				GCC_WARN_ABOUT_RETURN_TYPE = YES_ERROR;
				GCC_WARN_UNDECLARED_SELECTOR = YES;
				GCC_WARN_UNINITIALIZED_AUTOS = YES_AGGRESSIVE;
				GCC_WARN_UNUSED_FUNCTION = YES;
				GCC_WARN_UNUSED_VARIABLE = YES;
				IPHONEOS_DEPLOYMENT_TARGET = 14.5;
				MTL_ENABLE_DEBUG_INFO = NO;
				MTL_FAST_MATH = YES;
				SDKROOT = iphoneos;
				VALIDATE_PRODUCT = YES;
			};
			name = Release;
		};
		9664534E26CD5AA800617D29 /* Debug */ = {
			isa = XCBuildConfiguration;
			buildSettings = {
				ASSETCATALOG_COMPILER_APPICON_NAME = AppIcon;
				ASSETCATALOG_COMPILER_GLOBAL_ACCENT_COLOR_NAME = AccentColor;
				CODE_SIGN_STYLE = Automatic;
				DEVELOPMENT_TEAM = L7P3R4HARK;
				INFOPLIST_FILE = MapDataPrefetcherApp/Info.plist;
				LD_RUNPATH_SEARCH_PATHS = (
					"$(inherited)",
					"@executable_path/Frameworks",
				);
				PRODUCT_BUNDLE_IDENTIFIER = intellias;
				PRODUCT_NAME = "$(TARGET_NAME)";
				TARGETED_DEVICE_FAMILY = "1,2";
			};
			name = Debug;
		};
		9664534F26CD5AA800617D29 /* Release */ = {
			isa = XCBuildConfiguration;
			buildSettings = {
				ASSETCATALOG_COMPILER_APPICON_NAME = AppIcon;
				ASSETCATALOG_COMPILER_GLOBAL_ACCENT_COLOR_NAME = AccentColor;
				CODE_SIGN_STYLE = Automatic;
				DEVELOPMENT_TEAM = L7P3R4HARK;
				INFOPLIST_FILE = MapDataPrefetcherApp/Info.plist;
				LD_RUNPATH_SEARCH_PATHS = (
					"$(inherited)",
					"@executable_path/Frameworks",
				);
				PRODUCT_BUNDLE_IDENTIFIER = intellias;
				PRODUCT_NAME = "$(TARGET_NAME)";
				TARGETED_DEVICE_FAMILY = "1,2";
			};
			name = Release;
		};
/* End XCBuildConfiguration section */

/* Begin XCConfigurationList section */
		9664532F26CD5AA600617D29 /* Build configuration list for PBXProject "MapDataPrefetcherApp" */ = {
			isa = XCConfigurationList;
			buildConfigurations = (
				9664534B26CD5AA800617D29 /* Debug */,
				9664534C26CD5AA800617D29 /* Release */,
			);
			defaultConfigurationIsVisible = 0;
			defaultConfigurationName = Release;
		};
		9664534D26CD5AA800617D29 /* Build configuration list for PBXNativeTarget "MapDataPrefetcherApp" */ = {
			isa = XCConfigurationList;
			buildConfigurations = (
				9664534E26CD5AA800617D29 /* Debug */,
				9664534F26CD5AA800617D29 /* Release */,
			);
			defaultConfigurationIsVisible = 0;
			defaultConfigurationName = Release;
		};
/* End XCConfigurationList section */
	};
	rootObject = 9664532C26CD5AA600617D29 /* Project object */;
}
